
Microsoft Visual Studio Solution File, Format Version 12.00
# Visual Studio Version 16
VisualStudioVersion = 16.6.30114.105
MinimumVisualStudioVersion = 10.0.40219.1
Project("{FAE04EC0-301F-11D3-BF4B-00C04F79EFBC}") = "PaymentContext.Domain", "PaymentContext.Domain\PaymentContext.Domain.csproj", "{A6EC765D-92FA-453A-B327-96E2D9FD4158}"
EndProject
Project("{FAE04EC0-301F-11D3-BF4B-00C04F79EFBC}") = "PaymentContext.Shared", "PaymentContext.Shared\PaymentContext.Shared.csproj", "{E4C21E38-CF7C-4BCF-AC6F-2D7E24A7E4F7}"
EndProject
Project("{FAE04EC0-301F-11D3-BF4B-00C04F79EFBC}") = "PaymentContext.Tests", "PaymentContext.Tests\PaymentContext.Tests.csproj", "{91ABDD10-50C3-4CA9-90B4-E6277A31EA16}"
EndProject
Global
	GlobalSection(SolutionConfigurationPlatforms) = preSolution
		Debug|Any CPU = Debug|Any CPU
		Debug|x64 = Debug|x64
		Debug|x86 = Debug|x86
		Release|Any CPU = Release|Any CPU
		Release|x64 = Release|x64
		Release|x86 = Release|x86
	EndGlobalSection
	GlobalSection(SolutionProperties) = preSolution
		HideSolutionNode = FALSE
	EndGlobalSection
	GlobalSection(ProjectConfigurationPlatforms) = postSolution
		{A6EC765D-92FA-453A-B327-96E2D9FD4158}.Debug|Any CPU.ActiveCfg = Debug|Any CPU
		{A6EC765D-92FA-453A-B327-96E2D9FD4158}.Debug|Any CPU.Build.0 = Debug|Any CPU
		{A6EC765D-92FA-453A-B327-96E2D9FD4158}.Debug|x64.ActiveCfg = Debug|Any CPU
		{A6EC765D-92FA-453A-B327-96E2D9FD4158}.Debug|x64.Build.0 = Debug|Any CPU
		{A6EC765D-92FA-453A-B327-96E2D9FD4158}.Debug|x86.ActiveCfg = Debug|Any CPU
		{A6EC765D-92FA-453A-B327-96E2D9FD4158}.Debug|x86.Build.0 = Debug|Any CPU
		{A6EC765D-92FA-453A-B327-96E2D9FD4158}.Release|Any CPU.ActiveCfg = Release|Any CPU
		{A6EC765D-92FA-453A-B327-96E2D9FD4158}.Release|Any CPU.Build.0 = Release|Any CPU
		{A6EC765D-92FA-453A-B327-96E2D9FD4158}.Release|x64.ActiveCfg = Release|Any CPU
		{A6EC765D-92FA-453A-B327-96E2D9FD4158}.Release|x64.Build.0 = Release|Any CPU
		{A6EC765D-92FA-453A-B327-96E2D9FD4158}.Release|x86.ActiveCfg = Release|Any CPU
		{A6EC765D-92FA-453A-B327-96E2D9FD4158}.Release|x86.Build.0 = Release|Any CPU
		{E4C21E38-CF7C-4BCF-AC6F-2D7E24A7E4F7}.Debug|Any CPU.ActiveCfg = Debug|Any CPU
		{E4C21E38-CF7C-4BCF-AC6F-2D7E24A7E4F7}.Debug|Any CPU.Build.0 = Debug|Any CPU
		{E4C21E38-CF7C-4BCF-AC6F-2D7E24A7E4F7}.Debug|x64.ActiveCfg = Debug|Any CPU
		{E4C21E38-CF7C-4BCF-AC6F-2D7E24A7E4F7}.Debug|x64.Build.0 = Debug|Any CPU
		{E4C21E38-CF7C-4BCF-AC6F-2D7E24A7E4F7}.Debug|x86.ActiveCfg = Debug|Any CPU
		{E4C21E38-CF7C-4BCF-AC6F-2D7E24A7E4F7}.Debug|x86.Build.0 = Debug|Any CPU
		{E4C21E38-CF7C-4BCF-AC6F-2D7E24A7E4F7}.Release|Any CPU.ActiveCfg = Release|Any CPU
		{E4C21E38-CF7C-4BCF-AC6F-2D7E24A7E4F7}.Release|Any CPU.Build.0 = Release|Any CPU
		{E4C21E38-CF7C-4BCF-AC6F-2D7E24A7E4F7}.Release|x64.ActiveCfg = Release|Any CPU
		{E4C21E38-CF7C-4BCF-AC6F-2D7E24A7E4F7}.Release|x64.Build.0 = Release|Any CPU
		{E4C21E38-CF7C-4BCF-AC6F-2D7E24A7E4F7}.Release|x86.ActiveCfg = Release|Any CPU
		{E4C21E38-CF7C-4BCF-AC6F-2D7E24A7E4F7}.Release|x86.Build.0 = Release|Any CPU
		{91ABDD10-50C3-4CA9-90B4-E6277A31EA16}.Debug|Any CPU.ActiveCfg = Debug|Any CPU
		{91ABDD10-50C3-4CA9-90B4-E6277A31EA16}.Debug|Any CPU.Build.0 = Debug|Any CPU
		{91ABDD10-50C3-4CA9-90B4-E6277A31EA16}.Debug|x64.ActiveCfg = Debug|Any CPU
		{91ABDD10-50C3-4CA9-90B4-E6277A31EA16}.Debug|x64.Build.0 = Debug|Any CPU
		{91ABDD10-50C3-4CA9-90B4-E6277A31EA16}.Debug|x86.ActiveCfg = Debug|Any CPU
		{91ABDD10-50C3-4CA9-90B4-E6277A31EA16}.Debug|x86.Build.0 = Debug|Any CPU
		{91ABDD10-50C3-4CA9-90B4-E6277A31EA16}.Release|Any CPU.ActiveCfg = Release|Any CPU
		{91ABDD10-50C3-4CA9-90B4-E6277A31EA16}.Release|Any CPU.Build.0 = Release|Any CPU
		{91ABDD10-50C3-4CA9-90B4-E6277A31EA16}.Release|x64.ActiveCfg = Release|Any CPU
		{91ABDD10-50C3-4CA9-90B4-E6277A31EA16}.Release|x64.Build.0 = Release|Any CPU
		{91ABDD10-50C3-4CA9-90B4-E6277A31EA16}.Release|x86.ActiveCfg = Release|Any CPU
		{91ABDD10-50C3-4CA9-90B4-E6277A31EA16}.Release|x86.Build.0 = Release|Any CPU
	EndGlobalSection
EndGlobal
